
Microsoft Visual Studio Solution File, Format Version 12.00
# Visual Studio Version 16
VisualStudioVersion = 16.0.31025.194
MinimumVisualStudioVersion = 10.0.40219.1
Project("{9A19103F-16F7-4668-BE54-9A1E7A4F7556}") = "OrderProcessing", "GetWay\OrderProcessing.csproj", "{6ED0054B-6AB2-4BD5-903B-3A88BD13B934}"
EndProject
Project("{9A19103F-16F7-4668-BE54-9A1E7A4F7556}") = "Infrastructure", "Core\Infrastructure\Infrastructure.csproj", "{113C61CE-80B3-45F5-A09F-4A9D5A581F5B}"
EndProject
Project("{9A19103F-16F7-4668-BE54-9A1E7A4F7556}") = "Entity", "Core\Entity\Entity.csproj", "{718A3121-88B1-4C67-ADD9-098D3D563FDC}"
EndProject
Project("{9A19103F-16F7-4668-BE54-9A1E7A4F7556}") = "IdentityServer", "Business\IdentityServer\IdentityServer.csproj", "{84FC93A0-6D9D-4F9E-A2F2-2184BE1E5555}"
EndProject
Project("{2150E333-8FDC-42A3-9474-1A3956D46DE8}") = "Core", "Core", "{78F991BE-B2C2-4623-AF24-F9EA84262764}"
EndProject
Project("{2150E333-8FDC-42A3-9474-1A3956D46DE8}") = "Api", "Api", "{90FFC4BF-FB01-4C4E-A5C6-DDD50F1F4001}"
EndProject
Project("{9A19103F-16F7-4668-BE54-9A1E7A4F7556}") = "OrderProcessing.Q.Api", "Api\OrderProcessing.Q.Api\OrderProcessing.Q.Api.csproj", "{F182DE69-3108-4F19-B5B8-606AFFAFC317}"
EndProject
Project("{9A19103F-16F7-4668-BE54-9A1E7A4F7556}") = "OrderProcessing.C.Api", "Api\OrderProcessing.C.Api\OrderProcessing.C.Api.csproj", "{D993D7D0-7B92-4482-A6CD-F1495D04F75C}"
EndProject
Project("{2150E333-8FDC-42A3-9474-1A3956D46DE8}") = "Business", "Business", "{FCCBA0FD-51FE-4AF3-A17B-711F5D257A26}"
EndProject
Project("{9A19103F-16F7-4668-BE54-9A1E7A4F7556}") = "Entity.Data", "Core\Entity.Data\Entity.Data.csproj", "{220185BE-F267-452B-BC67-FF71B1A36B57}"
EndProject
Project("{9A19103F-16F7-4668-BE54-9A1E7A4F7556}") = "OrderProcessing.Order", "Business\OrderProcessing.Order\OrderProcessing.Order.csproj", "{B3ED99B6-37DC-45D4-B4D7-8736D9369034}"
EndProject
Project("{9A19103F-16F7-4668-BE54-9A1E7A4F7556}") = "OrderProcessing.Product", "Business\OrderProcessing.Product\OrderProcessing.Product.csproj", "{22CDB66A-EDEB-4786-8AC2-0DA393EA993A}"
EndProject
Project("{9A19103F-16F7-4668-BE54-9A1E7A4F7556}") = "OrderProcessing.Mapper", "Business\OrderProcessing.Mapper\OrderProcessing.Mapper.csproj", "{085DE473-A2F6-4E4C-9403-BE473933E853}"
EndProject
Project("{9A19103F-16F7-4668-BE54-9A1E7A4F7556}") = "OrderProcessing.Core", "Business\OrderProcessing.Core\OrderProcessing.Core.csproj", "{49A2CDF6-3864-4D53-BAA7-247BB5176ED4}"
EndProject
Project("{9A19103F-16F7-4668-BE54-9A1E7A4F7556}") = "OrderProcessing.Cacheing", "Business\OrderProcessing.Cacheing\OrderProcessing.Cacheing.csproj", "{CE9851E4-FC18-4ECC-BB9B-184529EC120F}"
EndProject
Project("{FAE04EC0-301F-11D3-BF4B-00C04F79EFBC}") = "OrderProcessing.Permission", "Business\OrderProcessing.Permission\OrderProcessing.Permission.csproj", "{A55C6F33-63D2-4DFC-9C34-8C9C2801A1FE}"
EndProject
Global
	GlobalSection(SolutionConfigurationPlatforms) = preSolution
		Debug|Any CPU = Debug|Any CPU
		Release|Any CPU = Release|Any CPU
	EndGlobalSection
	GlobalSection(ProjectConfigurationPlatforms) = postSolution
		{6ED0054B-6AB2-4BD5-903B-3A88BD13B934}.Debug|Any CPU.ActiveCfg = Debug|Any CPU
		{6ED0054B-6AB2-4BD5-903B-3A88BD13B934}.Debug|Any CPU.Build.0 = Debug|Any CPU
		{6ED0054B-6AB2-4BD5-903B-3A88BD13B934}.Release|Any CPU.ActiveCfg = Release|Any CPU
		{6ED0054B-6AB2-4BD5-903B-3A88BD13B934}.Release|Any CPU.Build.0 = Release|Any CPU
		{113C61CE-80B3-45F5-A09F-4A9D5A581F5B}.Debug|Any CPU.ActiveCfg = Debug|Any CPU
		{113C61CE-80B3-45F5-A09F-4A9D5A581F5B}.Debug|Any CPU.Build.0 = Debug|Any CPU
		{113C61CE-80B3-45F5-A09F-4A9D5A581F5B}.Release|Any CPU.ActiveCfg = Release|Any CPU
		{113C61CE-80B3-45F5-A09F-4A9D5A581F5B}.Release|Any CPU.Build.0 = Release|Any CPU
		{718A3121-88B1-4C67-ADD9-098D3D563FDC}.Debug|Any CPU.ActiveCfg = Debug|Any CPU
		{718A3121-88B1-4C67-ADD9-098D3D563FDC}.Debug|Any CPU.Build.0 = Debug|Any CPU
		{718A3121-88B1-4C67-ADD9-098D3D563FDC}.Release|Any CPU.ActiveCfg = Release|Any CPU
		{718A3121-88B1-4C67-ADD9-098D3D563FDC}.Release|Any CPU.Build.0 = Release|Any CPU
		{84FC93A0-6D9D-4F9E-A2F2-2184BE1E5555}.Debug|Any CPU.ActiveCfg = Debug|Any CPU
		{84FC93A0-6D9D-4F9E-A2F2-2184BE1E5555}.Debug|Any CPU.Build.0 = Debug|Any CPU
		{84FC93A0-6D9D-4F9E-A2F2-2184BE1E5555}.Release|Any CPU.ActiveCfg = Release|Any CPU
		{84FC93A0-6D9D-4F9E-A2F2-2184BE1E5555}.Release|Any CPU.Build.0 = Release|Any CPU
		{F182DE69-3108-4F19-B5B8-606AFFAFC317}.Debug|Any CPU.ActiveCfg = Debug|Any CPU
		{F182DE69-3108-4F19-B5B8-606AFFAFC317}.Debug|Any CPU.Build.0 = Debug|Any CPU
		{F182DE69-3108-4F19-B5B8-606AFFAFC317}.Release|Any CPU.ActiveCfg = Release|Any CPU
		{F182DE69-3108-4F19-B5B8-606AFFAFC317}.Release|Any CPU.Build.0 = Release|Any CPU
		{D993D7D0-7B92-4482-A6CD-F1495D04F75C}.Debug|Any CPU.ActiveCfg = Debug|Any CPU
		{D993D7D0-7B92-4482-A6CD-F1495D04F75C}.Debug|Any CPU.Build.0 = Debug|Any CPU
		{D993D7D0-7B92-4482-A6CD-F1495D04F75C}.Release|Any CPU.ActiveCfg = Release|Any CPU
		{D993D7D0-7B92-4482-A6CD-F1495D04F75C}.Release|Any CPU.Build.0 = Release|Any CPU
		{220185BE-F267-452B-BC67-FF71B1A36B57}.Debug|Any CPU.ActiveCfg = Debug|Any CPU
		{220185BE-F267-452B-BC67-FF71B1A36B57}.Debug|Any CPU.Build.0 = Debug|Any CPU
		{220185BE-F267-452B-BC67-FF71B1A36B57}.Release|Any CPU.ActiveCfg = Release|Any CPU
		{220185BE-F267-452B-BC67-FF71B1A36B57}.Release|Any CPU.Build.0 = Release|Any CPU
		{B3ED99B6-37DC-45D4-B4D7-8736D9369034}.Debug|Any CPU.ActiveCfg = Debug|Any CPU
		{B3ED99B6-37DC-45D4-B4D7-8736D9369034}.Debug|Any CPU.Build.0 = Debug|Any CPU
		{B3ED99B6-37DC-45D4-B4D7-8736D9369034}.Release|Any CPU.ActiveCfg = Release|Any CPU
		{B3ED99B6-37DC-45D4-B4D7-8736D9369034}.Release|Any CPU.Build.0 = Release|Any CPU
		{22CDB66A-EDEB-4786-8AC2-0DA393EA993A}.Debug|Any CPU.ActiveCfg = Debug|Any CPU
		{22CDB66A-EDEB-4786-8AC2-0DA393EA993A}.Debug|Any CPU.Build.0 = Debug|Any CPU
		{22CDB66A-EDEB-4786-8AC2-0DA393EA993A}.Release|Any CPU.ActiveCfg = Release|Any CPU
		{22CDB66A-EDEB-4786-8AC2-0DA393EA993A}.Release|Any CPU.Build.0 = Release|Any CPU
		{085DE473-A2F6-4E4C-9403-BE473933E853}.Debug|Any CPU.ActiveCfg = Debug|Any CPU
		{085DE473-A2F6-4E4C-9403-BE473933E853}.Debug|Any CPU.Build.0 = Debug|Any CPU
		{085DE473-A2F6-4E4C-9403-BE473933E853}.Release|Any CPU.ActiveCfg = Release|Any CPU
		{085DE473-A2F6-4E4C-9403-BE473933E853}.Release|Any CPU.Build.0 = Release|Any CPU
		{49A2CDF6-3864-4D53-BAA7-247BB5176ED4}.Debug|Any CPU.ActiveCfg = Debug|Any CPU
		{49A2CDF6-3864-4D53-BAA7-247BB5176ED4}.Debug|Any CPU.Build.0 = Debug|Any CPU
		{49A2CDF6-3864-4D53-BAA7-247BB5176ED4}.Release|Any CPU.ActiveCfg = Release|Any CPU
		{49A2CDF6-3864-4D53-BAA7-247BB5176ED4}.Release|Any CPU.Build.0 = Release|Any CPU
		{CE9851E4-FC18-4ECC-BB9B-184529EC120F}.Debug|Any CPU.ActiveCfg = Debug|Any CPU
		{CE9851E4-FC18-4ECC-BB9B-184529EC120F}.Debug|Any CPU.Build.0 = Debug|Any CPU
		{CE9851E4-FC18-4ECC-BB9B-184529EC120F}.Release|Any CPU.ActiveCfg = Release|Any CPU
		{CE9851E4-FC18-4ECC-BB9B-184529EC120F}.Release|Any CPU.Build.0 = Release|Any CPU
		{A55C6F33-63D2-4DFC-9C34-8C9C2801A1FE}.Debug|Any CPU.ActiveCfg = Debug|Any CPU
		{A55C6F33-63D2-4DFC-9C34-8C9C2801A1FE}.Debug|Any CPU.Build.0 = Debug|Any CPU
		{A55C6F33-63D2-4DFC-9C34-8C9C2801A1FE}.Release|Any CPU.ActiveCfg = Release|Any CPU
		{A55C6F33-63D2-4DFC-9C34-8C9C2801A1FE}.Release|Any CPU.Build.0 = Release|Any CPU
	EndGlobalSection
	GlobalSection(SolutionProperties) = preSolution
		HideSolutionNode = FALSE
	EndGlobalSection
	GlobalSection(NestedProjects) = preSolution
		{113C61CE-80B3-45F5-A09F-4A9D5A581F5B} = {78F991BE-B2C2-4623-AF24-F9EA84262764}
		{718A3121-88B1-4C67-ADD9-098D3D563FDC} = {78F991BE-B2C2-4623-AF24-F9EA84262764}
		{84FC93A0-6D9D-4F9E-A2F2-2184BE1E5555} = {FCCBA0FD-51FE-4AF3-A17B-711F5D257A26}
		{F182DE69-3108-4F19-B5B8-606AFFAFC317} = {90FFC4BF-FB01-4C4E-A5C6-DDD50F1F4001}
		{D993D7D0-7B92-4482-A6CD-F1495D04F75C} = {90FFC4BF-FB01-4C4E-A5C6-DDD50F1F4001}
		{220185BE-F267-452B-BC67-FF71B1A36B57} = {78F991BE-B2C2-4623-AF24-F9EA84262764}
		{B3ED99B6-37DC-45D4-B4D7-8736D9369034} = {FCCBA0FD-51FE-4AF3-A17B-711F5D257A26}
		{22CDB66A-EDEB-4786-8AC2-0DA393EA993A} = {FCCBA0FD-51FE-4AF3-A17B-711F5D257A26}
		{085DE473-A2F6-4E4C-9403-BE473933E853} = {FCCBA0FD-51FE-4AF3-A17B-711F5D257A26}
		{49A2CDF6-3864-4D53-BAA7-247BB5176ED4} = {FCCBA0FD-51FE-4AF3-A17B-711F5D257A26}
		{CE9851E4-FC18-4ECC-BB9B-184529EC120F} = {FCCBA0FD-51FE-4AF3-A17B-711F5D257A26}
		{A55C6F33-63D2-4DFC-9C34-8C9C2801A1FE} = {FCCBA0FD-51FE-4AF3-A17B-711F5D257A26}
	EndGlobalSection
	GlobalSection(ExtensibilityGlobals) = postSolution
		SolutionGuid = {214F5969-AB5A-40EB-B82A-3A6D3E594742}
	EndGlobalSection
EndGlobal
